// !$*UTF8*$!
{
	archiveVersion = 1;
	classes = {
	};
	objectVersion = 55;
	objects = {

/* Begin PBXBuildFile section */
		20DEF263805442CB9864E589 /* Pods_NamavaTest.framework in Frameworks */ = {isa = PBXBuildFile; fileRef = B0F15DCCAAD3E306A838C155 /* Pods_NamavaTest.framework */; };
		F5794C53288BB7AA00F25393 /* AppDelegate.swift in Sources */ = {isa = PBXBuildFile; fileRef = F5794C52288BB7AA00F25393 /* AppDelegate.swift */; };
		F5794C5C288BB7AF00F25393 /* Assets.xcassets in Resources */ = {isa = PBXBuildFile; fileRef = F5794C5B288BB7AF00F25393 /* Assets.xcassets */; };
		F5794C5F288BB7AF00F25393 /* LaunchScreen.storyboard in Resources */ = {isa = PBXBuildFile; fileRef = F5794C5D288BB7AF00F25393 /* LaunchScreen.storyboard */; };
		F5794C6F288BC20000F25393 /* Coordinator.swift in Sources */ = {isa = PBXBuildFile; fileRef = F5794C6E288BC1FF00F25393 /* Coordinator.swift */; };
		F5794C71288BC22400F25393 /* AppCoordinator.swift in Sources */ = {isa = PBXBuildFile; fileRef = F5794C70288BC22400F25393 /* AppCoordinator.swift */; };
		F5794C73288BC2F700F25393 /* _AppDelegate+Injection.swift in Sources */ = {isa = PBXBuildFile; fileRef = F5794C72288BC2F700F25393 /* _AppDelegate+Injection.swift */; };
		F5794C75288BC31C00F25393 /* _Services+Injection.swift in Sources */ = {isa = PBXBuildFile; fileRef = F5794C74288BC31C00F25393 /* _Services+Injection.swift */; };
		F5794C79288BC34B00F25393 /* NetworkAdapter.swift in Sources */ = {isa = PBXBuildFile; fileRef = F5794C78288BC34B00F25393 /* NetworkAdapter.swift */; };
		F5794C7B288BD28E00F25393 /* RxSwift+MoyaMapper.swift in Sources */ = {isa = PBXBuildFile; fileRef = F5794C7A288BD28E00F25393 /* RxSwift+MoyaMapper.swift */; };
		F5794C7D288BD4EE00F25393 /* MyAPIError.swift in Sources */ = {isa = PBXBuildFile; fileRef = F5794C7C288BD4EE00F25393 /* MyAPIError.swift */; };
		F5794C86288BD58300F25393 /* _SearchMovie+Injection.swift in Sources */ = {isa = PBXBuildFile; fileRef = F5794C85288BD58300F25393 /* _SearchMovie+Injection.swift */; };
		F5794C88288BD5A200F25393 /* SeachMovieCoordinator.swift in Sources */ = {isa = PBXBuildFile; fileRef = F5794C87288BD5A200F25393 /* SeachMovieCoordinator.swift */; };
		F5794C95288BD71100F25393 /* SearchMovie.swift in Sources */ = {isa = PBXBuildFile; fileRef = F5794C8A288BD71100F25393 /* SearchMovie.swift */; };
		F5794C96288BD71100F25393 /* MetaDataEntity.swift in Sources */ = {isa = PBXBuildFile; fileRef = F5794C8C288BD71100F25393 /* MetaDataEntity.swift */; };
		F5794C97288BD71100F25393 /* SearchMovieEntity.swift in Sources */ = {isa = PBXBuildFile; fileRef = F5794C8D288BD71100F25393 /* SearchMovieEntity.swift */; };
		F5794C98288BD71100F25393 /* ConnectionEntity.swift in Sources */ = {isa = PBXBuildFile; fileRef = F5794C8E288BD71100F25393 /* ConnectionEntity.swift */; };
		F5794C99288BD71100F25393 /* SizeEntity.swift in Sources */ = {isa = PBXBuildFile; fileRef = F5794C8F288BD71100F25393 /* SizeEntity.swift */; };
		F5794C9A288BD71100F25393 /* PictureEntity.swift in Sources */ = {isa = PBXBuildFile; fileRef = F5794C90288BD71100F25393 /* PictureEntity.swift */; };
		F5794C9B288BD71100F25393 /* MovieEntity.swift in Sources */ = {isa = PBXBuildFile; fileRef = F5794C91288BD71100F25393 /* MovieEntity.swift */; };
		F5794C9C288BD71100F25393 /* CommentEntity.swift in Sources */ = {isa = PBXBuildFile; fileRef = F5794C92288BD71100F25393 /* CommentEntity.swift */; };
		F5794C9D288BD71100F25393 /* SearchMovieServise.swift in Sources */ = {isa = PBXBuildFile; fileRef = F5794C94288BD71100F25393 /* SearchMovieServise.swift */; };
		F5794C9F288BD79500F25393 /* MovieModel.swift in Sources */ = {isa = PBXBuildFile; fileRef = F5794C9E288BD79500F25393 /* MovieModel.swift */; };
		F5794CA2288BD7B800F25393 /* MovieSectionModelType.swift in Sources */ = {isa = PBXBuildFile; fileRef = F5794CA0288BD7B800F25393 /* MovieSectionModelType.swift */; };
		F5794CA3288BD7B800F25393 /* SearchMovieViewModel.swift in Sources */ = {isa = PBXBuildFile; fileRef = F5794CA1288BD7B800F25393 /* SearchMovieViewModel.swift */; };
		F5794CA9288BDA4E00F25393 /* ShareTableViewCell.swift in Sources */ = {isa = PBXBuildFile; fileRef = F5794CA5288BDA4E00F25393 /* ShareTableViewCell.swift */; };
		F5794CAA288BDA4E00F25393 /* MovieCardTableViewCell.xib in Resources */ = {isa = PBXBuildFile; fileRef = F5794CA6288BDA4E00F25393 /* MovieCardTableViewCell.xib */; };
		F5794CAB288BDA4E00F25393 /* ShareTableViewCell.xib in Resources */ = {isa = PBXBuildFile; fileRef = F5794CA7288BDA4E00F25393 /* ShareTableViewCell.xib */; };
		F5794CAC288BDA4E00F25393 /* MovieCardTableViewCell.swift in Sources */ = {isa = PBXBuildFile; fileRef = F5794CA8288BDA4E00F25393 /* MovieCardTableViewCell.swift */; };
		F5794CAF288BDA5D00F25393 /* SearchMovieViewController.swift in Sources */ = {isa = PBXBuildFile; fileRef = F5794CAD288BDA5D00F25393 /* SearchMovieViewController.swift */; };
		F5794CB0288BDA5D00F25393 /* SearchMovieViewController.xib in Resources */ = {isa = PBXBuildFile; fileRef = F5794CAE288BDA5D00F25393 /* SearchMovieViewController.xib */; };
		F5794CB3288BDB6A00F25393 /* UIView.swift in Sources */ = {isa = PBXBuildFile; fileRef = F5794CB1288BDB6A00F25393 /* UIView.swift */; };
		F5794CB4288BDB6A00F25393 /* UITableView+Identifiable.swift in Sources */ = {isa = PBXBuildFile; fileRef = F5794CB2288BDB6A00F25393 /* UITableView+Identifiable.swift */; };
/* End PBXBuildFile section */

/* Begin PBXFileReference section */
		0F6EE69EC971FA4FC65AD070 /* Pods-NamavaTest.debug.xcconfig */ = {isa = PBXFileReference; includeInIndex = 1; lastKnownFileType = text.xcconfig; name = "Pods-NamavaTest.debug.xcconfig"; path = "Target Support Files/Pods-NamavaTest/Pods-NamavaTest.debug.xcconfig"; sourceTree = "<group>"; };
		3729E95F7296B9E1CBC036C6 /* Pods-NamavaTest.release.xcconfig */ = {isa = PBXFileReference; includeInIndex = 1; lastKnownFileType = text.xcconfig; name = "Pods-NamavaTest.release.xcconfig"; path = "Target Support Files/Pods-NamavaTest/Pods-NamavaTest.release.xcconfig"; sourceTree = "<group>"; };
		B0F15DCCAAD3E306A838C155 /* Pods_NamavaTest.framework */ = {isa = PBXFileReference; explicitFileType = wrapper.framework; includeInIndex = 0; path = Pods_NamavaTest.framework; sourceTree = BUILT_PRODUCTS_DIR; };
		F5794C4F288BB7AA00F25393 /* NamavaTest.app */ = {isa = PBXFileReference; explicitFileType = wrapper.application; includeInIndex = 0; path = NamavaTest.app; sourceTree = BUILT_PRODUCTS_DIR; };
		F5794C52288BB7AA00F25393 /* AppDelegate.swift */ = {isa = PBXFileReference; lastKnownFileType = sourcecode.swift; path = AppDelegate.swift; sourceTree = "<group>"; };
		F5794C5B288BB7AF00F25393 /* Assets.xcassets */ = {isa = PBXFileReference; lastKnownFileType = folder.assetcatalog; path = Assets.xcassets; sourceTree = "<group>"; };
		F5794C5E288BB7AF00F25393 /* Base */ = {isa = PBXFileReference; lastKnownFileType = file.storyboard; name = Base; path = Base.lproj/LaunchScreen.storyboard; sourceTree = "<group>"; };
		F5794C60288BB7B000F25393 /* Info.plist */ = {isa = PBXFileReference; lastKnownFileType = text.plist.xml; path = Info.plist; sourceTree = "<group>"; };
		F5794C6E288BC1FF00F25393 /* Coordinator.swift */ = {isa = PBXFileReference; lastKnownFileType = sourcecode.swift; path = Coordinator.swift; sourceTree = "<group>"; };
		F5794C70288BC22400F25393 /* AppCoordinator.swift */ = {isa = PBXFileReference; lastKnownFileType = sourcecode.swift; path = AppCoordinator.swift; sourceTree = "<group>"; };
		F5794C72288BC2F700F25393 /* _AppDelegate+Injection.swift */ = {isa = PBXFileReference; lastKnownFileType = sourcecode.swift; path = "_AppDelegate+Injection.swift"; sourceTree = "<group>"; };
		F5794C74288BC31C00F25393 /* _Services+Injection.swift */ = {isa = PBXFileReference; lastKnownFileType = sourcecode.swift; path = "_Services+Injection.swift"; sourceTree = "<group>"; };
		F5794C78288BC34B00F25393 /* NetworkAdapter.swift */ = {isa = PBXFileReference; lastKnownFileType = sourcecode.swift; path = NetworkAdapter.swift; sourceTree = "<group>"; };
		F5794C7A288BD28E00F25393 /* RxSwift+MoyaMapper.swift */ = {isa = PBXFileReference; lastKnownFileType = sourcecode.swift; path = "RxSwift+MoyaMapper.swift"; sourceTree = "<group>"; };
		F5794C7C288BD4EE00F25393 /* MyAPIError.swift */ = {isa = PBXFileReference; lastKnownFileType = sourcecode.swift; path = MyAPIError.swift; sourceTree = "<group>"; };
		F5794C85288BD58300F25393 /* _SearchMovie+Injection.swift */ = {isa = PBXFileReference; lastKnownFileType = sourcecode.swift; path = "_SearchMovie+Injection.swift"; sourceTree = "<group>"; };
		F5794C87288BD5A200F25393 /* SeachMovieCoordinator.swift */ = {isa = PBXFileReference; lastKnownFileType = sourcecode.swift; path = SeachMovieCoordinator.swift; sourceTree = "<group>"; };
		F5794C8A288BD71100F25393 /* SearchMovie.swift */ = {isa = PBXFileReference; fileEncoding = 4; lastKnownFileType = sourcecode.swift; path = SearchMovie.swift; sourceTree = "<group>"; };
		F5794C8C288BD71100F25393 /* MetaDataEntity.swift */ = {isa = PBXFileReference; fileEncoding = 4; lastKnownFileType = sourcecode.swift; path = MetaDataEntity.swift; sourceTree = "<group>"; };
		F5794C8D288BD71100F25393 /* SearchMovieEntity.swift */ = {isa = PBXFileReference; fileEncoding = 4; lastKnownFileType = sourcecode.swift; path = SearchMovieEntity.swift; sourceTree = "<group>"; };
		F5794C8E288BD71100F25393 /* ConnectionEntity.swift */ = {isa = PBXFileReference; fileEncoding = 4; lastKnownFileType = sourcecode.swift; path = ConnectionEntity.swift; sourceTree = "<group>"; };
		F5794C8F288BD71100F25393 /* SizeEntity.swift */ = {isa = PBXFileReference; fileEncoding = 4; lastKnownFileType = sourcecode.swift; path = SizeEntity.swift; sourceTree = "<group>"; };
		F5794C90288BD71100F25393 /* PictureEntity.swift */ = {isa = PBXFileReference; fileEncoding = 4; lastKnownFileType = sourcecode.swift; path = PictureEntity.swift; sourceTree = "<group>"; };
		F5794C91288BD71100F25393 /* MovieEntity.swift */ = {isa = PBXFileReference; fileEncoding = 4; lastKnownFileType = sourcecode.swift; path = MovieEntity.swift; sourceTree = "<group>"; };
		F5794C92288BD71100F25393 /* CommentEntity.swift */ = {isa = PBXFileReference; fileEncoding = 4; lastKnownFileType = sourcecode.swift; path = CommentEntity.swift; sourceTree = "<group>"; };
		F5794C94288BD71100F25393 /* SearchMovieServise.swift */ = {isa = PBXFileReference; fileEncoding = 4; lastKnownFileType = sourcecode.swift; path = SearchMovieServise.swift; sourceTree = "<group>"; };
		F5794C9E288BD79500F25393 /* MovieModel.swift */ = {isa = PBXFileReference; fileEncoding = 4; lastKnownFileType = sourcecode.swift; path = MovieModel.swift; sourceTree = "<group>"; };
		F5794CA0288BD7B800F25393 /* MovieSectionModelType.swift */ = {isa = PBXFileReference; fileEncoding = 4; lastKnownFileType = sourcecode.swift; path = MovieSectionModelType.swift; sourceTree = "<group>"; };
		F5794CA1288BD7B800F25393 /* SearchMovieViewModel.swift */ = {isa = PBXFileReference; fileEncoding = 4; lastKnownFileType = sourcecode.swift; path = SearchMovieViewModel.swift; sourceTree = "<group>"; };
		F5794CA5288BDA4E00F25393 /* ShareTableViewCell.swift */ = {isa = PBXFileReference; fileEncoding = 4; lastKnownFileType = sourcecode.swift; path = ShareTableViewCell.swift; sourceTree = "<group>"; };
		F5794CA6288BDA4E00F25393 /* MovieCardTableViewCell.xib */ = {isa = PBXFileReference; fileEncoding = 4; lastKnownFileType = file.xib; path = MovieCardTableViewCell.xib; sourceTree = "<group>"; };
		F5794CA7288BDA4E00F25393 /* ShareTableViewCell.xib */ = {isa = PBXFileReference; fileEncoding = 4; lastKnownFileType = file.xib; path = ShareTableViewCell.xib; sourceTree = "<group>"; };
		F5794CA8288BDA4E00F25393 /* MovieCardTableViewCell.swift */ = {isa = PBXFileReference; fileEncoding = 4; lastKnownFileType = sourcecode.swift; path = MovieCardTableViewCell.swift; sourceTree = "<group>"; };
		F5794CAD288BDA5D00F25393 /* SearchMovieViewController.swift */ = {isa = PBXFileReference; fileEncoding = 4; lastKnownFileType = sourcecode.swift; path = SearchMovieViewController.swift; sourceTree = "<group>"; };
		F5794CAE288BDA5D00F25393 /* SearchMovieViewController.xib */ = {isa = PBXFileReference; fileEncoding = 4; lastKnownFileType = file.xib; path = SearchMovieViewController.xib; sourceTree = "<group>"; };
		F5794CB1288BDB6A00F25393 /* UIView.swift */ = {isa = PBXFileReference; fileEncoding = 4; lastKnownFileType = sourcecode.swift; path = UIView.swift; sourceTree = "<group>"; };
		F5794CB2288BDB6A00F25393 /* UITableView+Identifiable.swift */ = {isa = PBXFileReference; fileEncoding = 4; lastKnownFileType = sourcecode.swift; path = "UITableView+Identifiable.swift"; sourceTree = "<group>"; };
/* End PBXFileReference section */

/* Begin PBXFrameworksBuildPhase section */
		F5794C4C288BB7AA00F25393 /* Frameworks */ = {
			isa = PBXFrameworksBuildPhase;
			buildActionMask = 2147483647;
			files = (
				20DEF263805442CB9864E589 /* Pods_NamavaTest.framework in Frameworks */,
			);
			runOnlyForDeploymentPostprocessing = 0;
		};
/* End PBXFrameworksBuildPhase section */

/* Begin PBXGroup section */
		68E73FB99BC288FA72F8FE58 /* Frameworks */ = {
			isa = PBXGroup;
			children = (
				B0F15DCCAAD3E306A838C155 /* Pods_NamavaTest.framework */,
			);
			name = Frameworks;
			sourceTree = "<group>";
		};
		737F5647E9E8498E981570AD /* Pods */ = {
			isa = PBXGroup;
			children = (
				0F6EE69EC971FA4FC65AD070 /* Pods-NamavaTest.debug.xcconfig */,
				3729E95F7296B9E1CBC036C6 /* Pods-NamavaTest.release.xcconfig */,
			);
			path = Pods;
			sourceTree = "<group>";
		};
		F5794C46288BB7AA00F25393 = {
			isa = PBXGroup;
			children = (
				F5794C51288BB7AA00F25393 /* NamavaTest */,
				F5794C50288BB7AA00F25393 /* Products */,
				737F5647E9E8498E981570AD /* Pods */,
				68E73FB99BC288FA72F8FE58 /* Frameworks */,
			);
			sourceTree = "<group>";
		};
		F5794C50288BB7AA00F25393 /* Products */ = {
			isa = PBXGroup;
			children = (
				F5794C4F288BB7AA00F25393 /* NamavaTest.app */,
			);
			name = Products;
			sourceTree = "<group>";
		};
		F5794C51288BB7AA00F25393 /* NamavaTest */ = {
			isa = PBXGroup;
			children = (
				F5794C60288BB7B000F25393 /* Info.plist */,
				F5794C6D288BBD5300F25393 /* App */,
				F5794C6B288BBD4700F25393 /* Coordinator */,
				F5794C6C288BBD4E00F25393 /* Constant */,
				F5794C6A288BBD4000F25393 /* Extenstion */,
				F5794C69288BBD3C00F25393 /* Extra */,
				F5794C68288BBD3100F25393 /* Modules */,
				F5794C67288BBD2A00F25393 /* Resources */,
				F5794C66288BBD1800F25393 /* Services */,
			);
			path = NamavaTest;
			sourceTree = "<group>";
		};
		F5794C66288BBD1800F25393 /* Services */ = {
			isa = PBXGroup;
			children = (
				F5794C76288BC32F00F25393 /* DI */,
				F5794C77288BC33600F25393 /* Network */,
			);
			path = Services;
			sourceTree = "<group>";
		};
		F5794C67288BBD2A00F25393 /* Resources */ = {
			isa = PBXGroup;
			children = (
				F5794C5B288BB7AF00F25393 /* Assets.xcassets */,
				F5794C5D288BB7AF00F25393 /* LaunchScreen.storyboard */,
			);
			path = Resources;
			sourceTree = "<group>";
		};
		F5794C68288BBD3100F25393 /* Modules */ = {
			isa = PBXGroup;
			children = (
				F5794C7E288BD52E00F25393 /* SearchMovie */,
			);
			path = Modules;
			sourceTree = "<group>";
		};
		F5794C69288BBD3C00F25393 /* Extra */ = {
			isa = PBXGroup;
			children = (
			);
			path = Extra;
			sourceTree = "<group>";
		};
		F5794C6A288BBD4000F25393 /* Extenstion */ = {
			isa = PBXGroup;
			children = (
				F5794C7A288BD28E00F25393 /* RxSwift+MoyaMapper.swift */,
				F5794CB1288BDB6A00F25393 /* UIView.swift */,
				F5794CB2288BDB6A00F25393 /* UITableView+Identifiable.swift */,
			);
			path = Extenstion;
			sourceTree = "<group>";
		};
		F5794C6B288BBD4700F25393 /* Coordinator */ = {
			isa = PBXGroup;
			children = (
				F5794C6E288BC1FF00F25393 /* Coordinator.swift */,
			);
			path = Coordinator;
			sourceTree = "<group>";
		};
		F5794C6C288BBD4E00F25393 /* Constant */ = {
			isa = PBXGroup;
			children = (
			);
			path = Constant;
			sourceTree = "<group>";
		};
		F5794C6D288BBD5300F25393 /* App */ = {
			isa = PBXGroup;
			children = (
				F5794C52288BB7AA00F25393 /* AppDelegate.swift */,
				F5794C70288BC22400F25393 /* AppCoordinator.swift */,
				F5794C72288BC2F700F25393 /* _AppDelegate+Injection.swift */,
			);
			path = App;
			sourceTree = "<group>";
		};
		F5794C76288BC32F00F25393 /* DI */ = {
			isa = PBXGroup;
			children = (
				F5794C74288BC31C00F25393 /* _Services+Injection.swift */,
			);
			path = DI;
			sourceTree = "<group>";
		};
		F5794C77288BC33600F25393 /* Network */ = {
			isa = PBXGroup;
			children = (
				F5794C78288BC34B00F25393 /* NetworkAdapter.swift */,
				F5794C7C288BD4EE00F25393 /* MyAPIError.swift */,
			);
			path = Network;
			sourceTree = "<group>";
		};
		F5794C7E288BD52E00F25393 /* SearchMovie */ = {
			isa = PBXGroup;
			children = (
				F5794C84288BD56600F25393 /* DI */,
				F5794C83288BD55E00F25393 /* Coordinator */,
				F5794C82288BD55600F25393 /* Service */,
				F5794C81288BD55300F25393 /* Model */,
				F5794C80288BD54D00F25393 /* View */,
				F5794C7F288BD54500F25393 /* ViewModel */,
			);
			path = SearchMovie;
			sourceTree = "<group>";
		};
		F5794C7F288BD54500F25393 /* ViewModel */ = {
			isa = PBXGroup;
			children = (
				F5794CA0288BD7B800F25393 /* MovieSectionModelType.swift */,
				F5794CA1288BD7B800F25393 /* SearchMovieViewModel.swift */,
			);
			path = ViewModel;
			sourceTree = "<group>";
		};
		F5794C80288BD54D00F25393 /* View */ = {
			isa = PBXGroup;
			children = (
				F5794CAD288BDA5D00F25393 /* SearchMovieViewController.swift */,
				F5794CAE288BDA5D00F25393 /* SearchMovieViewController.xib */,
				F5794CA4288BDA4E00F25393 /* Cell */,
			);
			path = View;
			sourceTree = "<group>";
		};
		F5794C81288BD55300F25393 /* Model */ = {
			isa = PBXGroup;
			children = (
				F5794C9E288BD79500F25393 /* MovieModel.swift */,
			);
			path = Model;
			sourceTree = "<group>";
		};
		F5794C82288BD55600F25393 /* Service */ = {
			isa = PBXGroup;
			children = (
				F5794C89288BD71100F25393 /* API */,
				F5794C8B288BD71100F25393 /* Entity */,
				F5794C93288BD71100F25393 /* Service */,
			);
			path = Service;
			sourceTree = "<group>";
		};
		F5794C83288BD55E00F25393 /* Coordinator */ = {
			isa = PBXGroup;
			children = (
				F5794C87288BD5A200F25393 /* SeachMovieCoordinator.swift */,
			);
			path = Coordinator;
			sourceTree = "<group>";
		};
		F5794C84288BD56600F25393 /* DI */ = {
			isa = PBXGroup;
			children = (
				F5794C85288BD58300F25393 /* _SearchMovie+Injection.swift */,
			);
			path = DI;
			sourceTree = "<group>";
		};
		F5794C89288BD71100F25393 /* API */ = {
			isa = PBXGroup;
			children = (
				F5794C8A288BD71100F25393 /* SearchMovie.swift */,
			);
			path = API;
			sourceTree = "<group>";
		};
		F5794C8B288BD71100F25393 /* Entity */ = {
			isa = PBXGroup;
			children = (
				F5794C8D288BD71100F25393 /* SearchMovieEntity.swift */,
				F5794C91288BD71100F25393 /* MovieEntity.swift */,
				F5794C90288BD71100F25393 /* PictureEntity.swift */,
				F5794C8F288BD71100F25393 /* SizeEntity.swift */,
				F5794C8C288BD71100F25393 /* MetaDataEntity.swift */,
				F5794C8E288BD71100F25393 /* ConnectionEntity.swift */,
				F5794C92288BD71100F25393 /* CommentEntity.swift */,
			);
			path = Entity;
			sourceTree = "<group>";
		};
		F5794C93288BD71100F25393 /* Service */ = {
			isa = PBXGroup;
			children = (
				F5794C94288BD71100F25393 /* SearchMovieServise.swift */,
			);
			path = Service;
			sourceTree = "<group>";
		};
		F5794CA4288BDA4E00F25393 /* Cell */ = {
			isa = PBXGroup;
			children = (
				F5794CA8288BDA4E00F25393 /* MovieCardTableViewCell.swift */,
				F5794CA6288BDA4E00F25393 /* MovieCardTableViewCell.xib */,
				F5794CA5288BDA4E00F25393 /* ShareTableViewCell.swift */,
				F5794CA7288BDA4E00F25393 /* ShareTableViewCell.xib */,
			);
			path = Cell;
			sourceTree = "<group>";
		};
/* End PBXGroup section */

/* Begin PBXNativeTarget section */
		F5794C4E288BB7AA00F25393 /* NamavaTest */ = {
			isa = PBXNativeTarget;
			buildConfigurationList = F5794C63288BB7B000F25393 /* Build configuration list for PBXNativeTarget "NamavaTest" */;
			buildPhases = (
				D912582509539FFF53BCCEF5 /* [CP] Check Pods Manifest.lock */,
				F5794C4B288BB7AA00F25393 /* Sources */,
				F5794C4C288BB7AA00F25393 /* Frameworks */,
				F5794C4D288BB7AA00F25393 /* Resources */,
				F9C5DECB4B5A1CB4A1EA5DA4 /* [CP] Embed Pods Frameworks */,
			);
			buildRules = (
			);
			dependencies = (
			);
			name = NamavaTest;
			productName = NamavaTest;
			productReference = F5794C4F288BB7AA00F25393 /* NamavaTest.app */;
			productType = "com.apple.product-type.application";
		};
/* End PBXNativeTarget section */

/* Begin PBXProject section */
		F5794C47288BB7AA00F25393 /* Project object */ = {
			isa = PBXProject;
			attributes = {
				BuildIndependentTargetsInParallel = 1;
				LastSwiftUpdateCheck = 1340;
				LastUpgradeCheck = 1340;
				TargetAttributes = {
					F5794C4E288BB7AA00F25393 = {
						CreatedOnToolsVersion = 13.4;
					};
				};
			};
			buildConfigurationList = F5794C4A288BB7AA00F25393 /* Build configuration list for PBXProject "NamavaTest" */;
			compatibilityVersion = "Xcode 13.0";
			developmentRegion = en;
			hasScannedForEncodings = 0;
			knownRegions = (
				en,
				Base,
			);
			mainGroup = F5794C46288BB7AA00F25393;
			productRefGroup = F5794C50288BB7AA00F25393 /* Products */;
			projectDirPath = "";
			projectRoot = "";
			targets = (
				F5794C4E288BB7AA00F25393 /* NamavaTest */,
			);
		};
/* End PBXProject section */

/* Begin PBXResourcesBuildPhase section */
		F5794C4D288BB7AA00F25393 /* Resources */ = {
			isa = PBXResourcesBuildPhase;
			buildActionMask = 2147483647;
			files = (
				F5794C5F288BB7AF00F25393 /* LaunchScreen.storyboard in Resources */,
				F5794CAB288BDA4E00F25393 /* ShareTableViewCell.xib in Resources */,
				F5794CAA288BDA4E00F25393 /* MovieCardTableViewCell.xib in Resources */,
				F5794CB0288BDA5D00F25393 /* SearchMovieViewController.xib in Resources */,
				F5794C5C288BB7AF00F25393 /* Assets.xcassets in Resources */,
			);
			runOnlyForDeploymentPostprocessing = 0;
		};
/* End PBXResourcesBuildPhase section */

/* Begin PBXShellScriptBuildPhase section */
		D912582509539FFF53BCCEF5 /* [CP] Check Pods Manifest.lock */ = {
			isa = PBXShellScriptBuildPhase;
			buildActionMask = 2147483647;
			files = (
			);
			inputFileListPaths = (
			);
			inputPaths = (
				"${PODS_PODFILE_DIR_PATH}/Podfile.lock",
				"${PODS_ROOT}/Manifest.lock",
			);
			name = "[CP] Check Pods Manifest.lock";
			outputFileListPaths = (
			);
			outputPaths = (
				"$(DERIVED_FILE_DIR)/Pods-NamavaTest-checkManifestLockResult.txt",
			);
			runOnlyForDeploymentPostprocessing = 0;
			shellPath = /bin/sh;
			shellScript = "diff \"${PODS_PODFILE_DIR_PATH}/Podfile.lock\" \"${PODS_ROOT}/Manifest.lock\" > /dev/null\nif [ $? != 0 ] ; then\n    # print error to STDERR\n    echo \"error: The sandbox is not in sync with the Podfile.lock. Run 'pod install' or update your CocoaPods installation.\" >&2\n    exit 1\nfi\n# This output is used by Xcode 'outputs' to avoid re-running this script phase.\necho \"SUCCESS\" > \"${SCRIPT_OUTPUT_FILE_0}\"\n";
			showEnvVarsInLog = 0;
		};
		F9C5DECB4B5A1CB4A1EA5DA4 /* [CP] Embed Pods Frameworks */ = {
			isa = PBXShellScriptBuildPhase;
			buildActionMask = 2147483647;
			files = (
			);
			inputFileListPaths = (
				"${PODS_ROOT}/Target Support Files/Pods-NamavaTest/Pods-NamavaTest-frameworks-${CONFIGURATION}-input-files.xcfilelist",
			);
			name = "[CP] Embed Pods Frameworks";
			outputFileListPaths = (
				"${PODS_ROOT}/Target Support Files/Pods-NamavaTest/Pods-NamavaTest-frameworks-${CONFIGURATION}-output-files.xcfilelist",
			);
			runOnlyForDeploymentPostprocessing = 0;
			shellPath = /bin/sh;
			shellScript = "\"${PODS_ROOT}/Target Support Files/Pods-NamavaTest/Pods-NamavaTest-frameworks.sh\"\n";
			showEnvVarsInLog = 0;
		};
/* End PBXShellScriptBuildPhase section */

/* Begin PBXSourcesBuildPhase section */
		F5794C4B288BB7AA00F25393 /* Sources */ = {
			isa = PBXSourcesBuildPhase;
			buildActionMask = 2147483647;
			files = (
				F5794CB3288BDB6A00F25393 /* UIView.swift in Sources */,
				F5794C9D288BD71100F25393 /* SearchMovieServise.swift in Sources */,
				F5794C9C288BD71100F25393 /* CommentEntity.swift in Sources */,
				F5794CA2288BD7B800F25393 /* MovieSectionModelType.swift in Sources */,
				F5794CB4288BDB6A00F25393 /* UITableView+Identifiable.swift in Sources */,
				F5794CA3288BD7B800F25393 /* SearchMovieViewModel.swift in Sources */,
				F5794CAF288BDA5D00F25393 /* SearchMovieViewController.swift in Sources */,
				F5794C97288BD71100F25393 /* SearchMovieEntity.swift in Sources */,
				F5794C95288BD71100F25393 /* SearchMovie.swift in Sources */,
				F5794C98288BD71100F25393 /* ConnectionEntity.swift in Sources */,
				F5794CA9288BDA4E00F25393 /* ShareTableViewCell.swift in Sources */,
				F5794C96288BD71100F25393 /* MetaDataEntity.swift in Sources */,
				F5794C7B288BD28E00F25393 /* RxSwift+MoyaMapper.swift in Sources */,
				F5794C79288BC34B00F25393 /* NetworkAdapter.swift in Sources */,
				F5794C99288BD71100F25393 /* SizeEntity.swift in Sources */,
				F5794C9A288BD71100F25393 /* PictureEntity.swift in Sources */,
				F5794C9B288BD71100F25393 /* MovieEntity.swift in Sources */,
				F5794C88288BD5A200F25393 /* SeachMovieCoordinator.swift in Sources */,
				F5794C9F288BD79500F25393 /* MovieModel.swift in Sources */,
				F5794C73288BC2F700F25393 /* _AppDelegate+Injection.swift in Sources */,
				F5794C71288BC22400F25393 /* AppCoordinator.swift in Sources */,
				F5794C6F288BC20000F25393 /* Coordinator.swift in Sources */,
				F5794C7D288BD4EE00F25393 /* MyAPIError.swift in Sources */,
				F5794CAC288BDA4E00F25393 /* MovieCardTableViewCell.swift in Sources */,
				F5794C86288BD58300F25393 /* _SearchMovie+Injection.swift in Sources */,
				F5794C75288BC31C00F25393 /* _Services+Injection.swift in Sources */,
				F5794C53288BB7AA00F25393 /* AppDelegate.swift in Sources */,
			);
			runOnlyForDeploymentPostprocessing = 0;
		};
/* End PBXSourcesBuildPhase section */

/* Begin PBXVariantGroup section */
		F5794C5D288BB7AF00F25393 /* LaunchScreen.storyboard */ = {
			isa = PBXVariantGroup;
			children = (
				F5794C5E288BB7AF00F25393 /* Base */,
			);
			name = LaunchScreen.storyboard;
			sourceTree = "<group>";
		};
/* End PBXVariantGroup section */

/* Begin XCBuildConfiguration section */
		F5794C61288BB7B000F25393 /* Debug */ = {
			isa = XCBuildConfiguration;
			buildSettings = {
				ALWAYS_SEARCH_USER_PATHS = NO;
				CLANG_ANALYZER_NONNULL = YES;
				CLANG_ANALYZER_NUMBER_OBJECT_CONVERSION = YES_AGGRESSIVE;
				CLANG_CXX_LANGUAGE_STANDARD = "gnu++17";
				CLANG_ENABLE_MODULES = YES;
				CLANG_ENABLE_OBJC_ARC = YES;
				CLANG_ENABLE_OBJC_WEAK = YES;
				CLANG_WARN_BLOCK_CAPTURE_AUTORELEASING = YES;
				CLANG_WARN_BOOL_CONVERSION = YES;
				CLANG_WARN_COMMA = YES;
				CLANG_WARN_CONSTANT_CONVERSION = YES;
				CLANG_WARN_DEPRECATED_OBJC_IMPLEMENTATIONS = YES;
				CLANG_WARN_DIRECT_OBJC_ISA_USAGE = YES_ERROR;
				CLANG_WARN_DOCUMENTATION_COMMENTS = YES;
				CLANG_WARN_EMPTY_BODY = YES;
				CLANG_WARN_ENUM_CONVERSION = YES;
				CLANG_WARN_INFINITE_RECURSION = YES;
				CLANG_WARN_INT_CONVERSION = YES;
				CLANG_WARN_NON_LITERAL_NULL_CONVERSION = YES;
				CLANG_WARN_OBJC_IMPLICIT_RETAIN_SELF = YES;
				CLANG_WARN_OBJC_LITERAL_CONVERSION = YES;
				CLANG_WARN_OBJC_ROOT_CLASS = YES_ERROR;
				CLANG_WARN_QUOTED_INCLUDE_IN_FRAMEWORK_HEADER = YES;
				CLANG_WARN_RANGE_LOOP_ANALYSIS = YES;
				CLANG_WARN_STRICT_PROTOTYPES = YES;
				CLANG_WARN_SUSPICIOUS_MOVE = YES;
				CLANG_WARN_UNGUARDED_AVAILABILITY = YES_AGGRESSIVE;
				CLANG_WARN_UNREACHABLE_CODE = YES;
				CLANG_WARN__DUPLICATE_METHOD_MATCH = YES;
				COPY_PHASE_STRIP = NO;
				DEBUG_INFORMATION_FORMAT = dwarf;
				ENABLE_STRICT_OBJC_MSGSEND = YES;
				ENABLE_TESTABILITY = YES;
				GCC_C_LANGUAGE_STANDARD = gnu11;
				GCC_DYNAMIC_NO_PIC = NO;
				GCC_NO_COMMON_BLOCKS = YES;
				GCC_OPTIMIZATION_LEVEL = 0;
				GCC_PREPROCESSOR_DEFINITIONS = (
					"DEBUG=1",
					"$(inherited)",
				);
				GCC_WARN_64_TO_32_BIT_CONVERSION = YES;
				GCC_WARN_ABOUT_RETURN_TYPE = YES_ERROR;
				GCC_WARN_UNDECLARED_SELECTOR = YES;
				GCC_WARN_UNINITIALIZED_AUTOS = YES_AGGRESSIVE;
				GCC_WARN_UNUSED_FUNCTION = YES;
				GCC_WARN_UNUSED_VARIABLE = YES;
				IPHONEOS_DEPLOYMENT_TARGET = 15.5;
				MTL_ENABLE_DEBUG_INFO = INCLUDE_SOURCE;
				MTL_FAST_MATH = YES;
				ONLY_ACTIVE_ARCH = YES;
				SDKROOT = iphoneos;
				SWIFT_ACTIVE_COMPILATION_CONDITIONS = DEBUG;
				SWIFT_OPTIMIZATION_LEVEL = "-Onone";
			};
			name = Debug;
		};
		F5794C62288BB7B000F25393 /* Release */ = {
			isa = XCBuildConfiguration;
			buildSettings = {
				ALWAYS_SEARCH_USER_PATHS = NO;
				CLANG_ANALYZER_NONNULL = YES;
				CLANG_ANALYZER_NUMBER_OBJECT_CONVERSION = YES_AGGRESSIVE;
				CLANG_CXX_LANGUAGE_STANDARD = "gnu++17";
				CLANG_ENABLE_MODULES = YES;
				CLANG_ENABLE_OBJC_ARC = YES;
				CLANG_ENABLE_OBJC_WEAK = YES;
				CLANG_WARN_BLOCK_CAPTURE_AUTORELEASING = YES;
				CLANG_WARN_BOOL_CONVERSION = YES;
				CLANG_WARN_COMMA = YES;
				CLANG_WARN_CONSTANT_CONVERSION = YES;
				CLANG_WARN_DEPRECATED_OBJC_IMPLEMENTATIONS = YES;
				CLANG_WARN_DIRECT_OBJC_ISA_USAGE = YES_ERROR;
				CLANG_WARN_DOCUMENTATION_COMMENTS = YES;
				CLANG_WARN_EMPTY_BODY = YES;
				CLANG_WARN_ENUM_CONVERSION = YES;
				CLANG_WARN_INFINITE_RECURSION = YES;
				CLANG_WARN_INT_CONVERSION = YES;
				CLANG_WARN_NON_LITERAL_NULL_CONVERSION = YES;
				CLANG_WARN_OBJC_IMPLICIT_RETAIN_SELF = YES;
				CLANG_WARN_OBJC_LITERAL_CONVERSION = YES;
				CLANG_WARN_OBJC_ROOT_CLASS = YES_ERROR;
				CLANG_WARN_QUOTED_INCLUDE_IN_FRAMEWORK_HEADER = YES;
				CLANG_WARN_RANGE_LOOP_ANALYSIS = YES;
				CLANG_WARN_STRICT_PROTOTYPES = YES;
				CLANG_WARN_SUSPICIOUS_MOVE = YES;
				CLANG_WARN_UNGUARDED_AVAILABILITY = YES_AGGRESSIVE;
				CLANG_WARN_UNREACHABLE_CODE = YES;
				CLANG_WARN__DUPLICATE_METHOD_MATCH = YES;
				COPY_PHASE_STRIP = NO;
				DEBUG_INFORMATION_FORMAT = "dwarf-with-dsym";
				ENABLE_NS_ASSERTIONS = NO;
				ENABLE_STRICT_OBJC_MSGSEND = YES;
				GCC_C_LANGUAGE_STANDARD = gnu11;
				GCC_NO_COMMON_BLOCKS = YES;
				GCC_WARN_64_TO_32_BIT_CONVERSION = YES;
				GCC_WARN_ABOUT_RETURN_TYPE = YES_ERROR;
				GCC_WARN_UNDECLARED_SELECTOR = YES;
				GCC_WARN_UNINITIALIZED_AUTOS = YES_AGGRESSIVE;
				GCC_WARN_UNUSED_FUNCTION = YES;
				GCC_WARN_UNUSED_VARIABLE = YES;
				IPHONEOS_DEPLOYMENT_TARGET = 15.5;
				MTL_ENABLE_DEBUG_INFO = NO;
				MTL_FAST_MATH = YES;
				SDKROOT = iphoneos;
				SWIFT_COMPILATION_MODE = wholemodule;
				SWIFT_OPTIMIZATION_LEVEL = "-O";
				VALIDATE_PRODUCT = YES;
			};
			name = Release;
		};
		F5794C64288BB7B000F25393 /* Debug */ = {
			isa = XCBuildConfiguration;
			baseConfigurationReference = 0F6EE69EC971FA4FC65AD070 /* Pods-NamavaTest.debug.xcconfig */;
			buildSettings = {
				ASSETCATALOG_COMPILER_APPICON_NAME = AppIcon;
				ASSETCATALOG_COMPILER_GLOBAL_ACCENT_COLOR_NAME = AccentColor;
				CODE_SIGN_STYLE = Automatic;
				CURRENT_PROJECT_VERSION = 1;
				GENERATE_INFOPLIST_FILE = YES;
				INFOPLIST_FILE = NamavaTest/Info.plist;
				INFOPLIST_KEY_UIApplicationSupportsIndirectInputEvents = YES;
				INFOPLIST_KEY_UILaunchStoryboardName = LaunchScreen;
				INFOPLIST_KEY_UISupportedInterfaceOrientations_iPad = "UIInterfaceOrientationPortrait UIInterfaceOrientationPortraitUpsideDown UIInterfaceOrientationLandscapeLeft UIInterfaceOrientationLandscapeRight";
				INFOPLIST_KEY_UISupportedInterfaceOrientations_iPhone = "UIInterfaceOrientationPortrait UIInterfaceOrientationLandscapeLeft UIInterfaceOrientationLandscapeRight";
				LD_RUNPATH_SEARCH_PATHS = (
					"$(inherited)",
					"@executable_path/Frameworks",
				);
				MARKETING_VERSION = 1.0;
				PRODUCT_BUNDLE_IDENTIFIER = com.akbari.reza.NamavaTest;
				PRODUCT_NAME = "$(TARGET_NAME)";
				SWIFT_EMIT_LOC_STRINGS = YES;
				SWIFT_VERSION = 5.0;
				TARGETED_DEVICE_FAMILY = "1,2";
			};
			name = Debug;
		};
		F5794C65288BB7B000F25393 /* Release */ = {
			isa = XCBuildConfiguration;
			baseConfigurationReference = 3729E95F7296B9E1CBC036C6 /* Pods-NamavaTest.release.xcconfig */;
			buildSettings = {
				ASSETCATALOG_COMPILER_APPICON_NAME = AppIcon;
				ASSETCATALOG_COMPILER_GLOBAL_ACCENT_COLOR_NAME = AccentColor;
				CODE_SIGN_STYLE = Automatic;
				CURRENT_PROJECT_VERSION = 1;
				GENERATE_INFOPLIST_FILE = YES;
				INFOPLIST_FILE = NamavaTest/Info.plist;
				INFOPLIST_KEY_UIApplicationSupportsIndirectInputEvents = YES;
				INFOPLIST_KEY_UILaunchStoryboardName = LaunchScreen;
				INFOPLIST_KEY_UISupportedInterfaceOrientations_iPad = "UIInterfaceOrientationPortrait UIInterfaceOrientationPortraitUpsideDown UIInterfaceOrientationLandscapeLeft UIInterfaceOrientationLandscapeRight";
				INFOPLIST_KEY_UISupportedInterfaceOrientations_iPhone = "UIInterfaceOrientationPortrait UIInterfaceOrientationLandscapeLeft UIInterfaceOrientationLandscapeRight";
				LD_RUNPATH_SEARCH_PATHS = (
					"$(inherited)",
					"@executable_path/Frameworks",
				);
				MARKETING_VERSION = 1.0;
				PRODUCT_BUNDLE_IDENTIFIER = com.akbari.reza.NamavaTest;
				PRODUCT_NAME = "$(TARGET_NAME)";
				SWIFT_EMIT_LOC_STRINGS = YES;
				SWIFT_VERSION = 5.0;
				TARGETED_DEVICE_FAMILY = "1,2";
			};
			name = Release;
		};
/* End XCBuildConfiguration section */

/* Begin XCConfigurationList section */
		F5794C4A288BB7AA00F25393 /* Build configuration list for PBXProject "NamavaTest" */ = {
			isa = XCConfigurationList;
			buildConfigurations = (
				F5794C61288BB7B000F25393 /* Debug */,
				F5794C62288BB7B000F25393 /* Release */,
			);
			defaultConfigurationIsVisible = 0;
			defaultConfigurationName = Release;
		};
		F5794C63288BB7B000F25393 /* Build configuration list for PBXNativeTarget "NamavaTest" */ = {
			isa = XCConfigurationList;
			buildConfigurations = (
				F5794C64288BB7B000F25393 /* Debug */,
				F5794C65288BB7B000F25393 /* Release */,
			);
			defaultConfigurationIsVisible = 0;
			defaultConfigurationName = Release;
		};
/* End XCConfigurationList section */
	};
	rootObject = F5794C47288BB7AA00F25393 /* Project object */;
}
